
Microsoft Visual Studio Solution File, Format Version 12.00
# Visual Studio 15
VisualStudioVersion = 15.0.28307.1209
MinimumVisualStudioVersion = 10.0.40219.1
Project("{FAE04EC0-301F-11D3-BF4B-00C04F79EFBC}") = "ht1", "ht1\ht1.csproj", "{18EE1F92-34CA-4149-A159-6159698CB283}"
EndProject
Global
	GlobalSection(SolutionConfigurationPlatforms) = preSolution
		Debug|Any CPU = Debug|Any CPU
		Release|Any CPU = Release|Any CPU
	EndGlobalSection
	GlobalSection(ProjectConfigurationPlatforms) = postSolution
		{18EE1F92-34CA-4149-A159-6159698CB283}.Debug|Any CPU.ActiveCfg = Debug|Any CPU
		{18EE1F92-34CA-4149-A159-6159698CB283}.Debug|Any CPU.Build.0 = Debug|Any CPU
		{18EE1F92-34CA-4149-A159-6159698CB283}.Release|Any CPU.ActiveCfg = Release|Any CPU
		{18EE1F92-34CA-4149-A159-6159698CB283}.Release|Any CPU.Build.0 = Release|Any CPU
	EndGlobalSection
	GlobalSection(SolutionProperties) = preSolution
		HideSolutionNode = FALSE
	EndGlobalSection
	GlobalSection(ExtensibilityGlobals) = postSolution
		SolutionGuid = {FBE2778B-77C8-4A90-B0DE-ADBC73B6EA5F}
	EndGlobalSection
EndGlobal
